
Microsoft Visual Studio Solution File, Format Version 12.00
# Visual Studio Version 16
VisualStudioVersion = 16.0.30114.105
MinimumVisualStudioVersion = 10.0.40219.1
Project("{FAE04EC0-301F-11D3-BF4B-00C04F79EFBC}") = "EvolutionAutomationTests", "EvolutionAutomationTests.csproj", "{C005AEBE-EE9F-4A36-B200-F8B44741EE59}"
EndProject
Project("{FAE04EC0-301F-11D3-BF4B-00C04F79EFBC}") = "Shared", "..\Shared\Shared.csproj", "{9926AB7F-C818-41F0-93DA-2997DA71E216}"
EndProject
Global
	GlobalSection(SolutionConfigurationPlatforms) = preSolution
		Debug|Any CPU = Debug|Any CPU
		Release|Any CPU = Release|Any CPU
	EndGlobalSection
	GlobalSection(ProjectConfigurationPlatforms) = postSolution
		{C005AEBE-EE9F-4A36-B200-F8B44741EE59}.Debug|Any CPU.ActiveCfg = Debug|Any CPU
		{C005AEBE-EE9F-4A36-B200-F8B44741EE59}.Debug|Any CPU.Build.0 = Debug|Any CPU
		{C005AEBE-EE9F-4A36-B200-F8B44741EE59}.Release|Any CPU.ActiveCfg = Release|Any CPU
		{C005AEBE-EE9F-4A36-B200-F8B44741EE59}.Release|Any CPU.Build.0 = Release|Any CPU
		{9926AB7F-C818-41F0-93DA-2997DA71E216}.Debug|Any CPU.ActiveCfg = Debug|Any CPU
		{9926AB7F-C818-41F0-93DA-2997DA71E216}.Debug|Any CPU.Build.0 = Debug|Any CPU
		{9926AB7F-C818-41F0-93DA-2997DA71E216}.Release|Any CPU.ActiveCfg = Release|Any CPU
		{9926AB7F-C818-41F0-93DA-2997DA71E216}.Release|Any CPU.Build.0 = Release|Any CPU
	EndGlobalSection
	GlobalSection(SolutionProperties) = preSolution
		HideSolutionNode = FALSE
	EndGlobalSection
	GlobalSection(ExtensibilityGlobals) = postSolution
		SolutionGuid = {055242DA-2F06-4AE0-8821-FD6790041C68}
	EndGlobalSection
EndGlobal
